
Microsoft Visual Studio Solution File, Format Version 12.00
# Visual Studio 15
VisualStudioVersion = 15.0.28307.779
MinimumVisualStudioVersion = 10.0.40219.1
Project("{FAE04EC0-301F-11D3-BF4B-00C04F79EFBC}") = "QLG", "QLG\QLG.csproj", "{55F2697F-CDF9-4B26-8E8F-D6437A899161}"
EndProject
Global
	GlobalSection(SolutionConfigurationPlatforms) = preSolution
		Debug|Any CPU = Debug|Any CPU
		Release|Any CPU = Release|Any CPU
	EndGlobalSection
	GlobalSection(ProjectConfigurationPlatforms) = postSolution
		{55F2697F-CDF9-4B26-8E8F-D6437A899161}.Debug|Any CPU.ActiveCfg = Debug|Any CPU
		{55F2697F-CDF9-4B26-8E8F-D6437A899161}.Debug|Any CPU.Build.0 = Debug|Any CPU
		{55F2697F-CDF9-4B26-8E8F-D6437A899161}.Release|Any CPU.ActiveCfg = Release|Any CPU
		{55F2697F-CDF9-4B26-8E8F-D6437A899161}.Release|Any CPU.Build.0 = Release|Any CPU
	EndGlobalSection
	GlobalSection(SolutionProperties) = preSolution
		HideSolutionNode = FALSE
	EndGlobalSection
	GlobalSection(ExtensibilityGlobals) = postSolution
		SolutionGuid = {A3CA7AF8-3F44-4008-B5DD-09BA0375CEEB}
	EndGlobalSection
EndGlobal
